// !$*UTF8*$!
{
	archiveVersion = 1;
	classes = {
	};
	objectVersion = 56;
	objects = {

/* Begin PBXBuildFile section */
		846BBF0F298BAD3000309EDD /* AppDelegate.swift in Sources */ = {isa = PBXBuildFile; fileRef = 846BBF0E298BAD3000309EDD /* AppDelegate.swift */; };
		846BBF11298BAD3000309EDD /* SceneDelegate.swift in Sources */ = {isa = PBXBuildFile; fileRef = 846BBF10298BAD3000309EDD /* SceneDelegate.swift */; };
		846BBF13298BAD3000309EDD /* ViewController.swift in Sources */ = {isa = PBXBuildFile; fileRef = 846BBF12298BAD3000309EDD /* ViewController.swift */; };
		846BBF16298BAD3000309EDD /* Main.storyboard in Resources */ = {isa = PBXBuildFile; fileRef = 846BBF14298BAD3000309EDD /* Main.storyboard */; };
		846BBF18298BAD3200309EDD /* Assets.xcassets in Resources */ = {isa = PBXBuildFile; fileRef = 846BBF17298BAD3200309EDD /* Assets.xcassets */; };
		846BBF1B298BAD3200309EDD /* LaunchScreen.storyboard in Resources */ = {isa = PBXBuildFile; fileRef = 846BBF19298BAD3200309EDD /* LaunchScreen.storyboard */; };
		846BBF2A298BB3AA00309EDD /* A.wav in Resources */ = {isa = PBXBuildFile; fileRef = 846BBF23298BB3AA00309EDD /* A.wav */; };
		846BBF2B298BB3AA00309EDD /* C.wav in Resources */ = {isa = PBXBuildFile; fileRef = 846BBF24298BB3AA00309EDD /* C.wav */; };
		846BBF2C298BB3AA00309EDD /* B.wav in Resources */ = {isa = PBXBuildFile; fileRef = 846BBF25298BB3AA00309EDD /* B.wav */; };
		846BBF2D298BB3AA00309EDD /* F.wav in Resources */ = {isa = PBXBuildFile; fileRef = 846BBF26298BB3AA00309EDD /* F.wav */; };
		846BBF2E298BB3AA00309EDD /* G.wav in Resources */ = {isa = PBXBuildFile; fileRef = 846BBF27298BB3AA00309EDD /* G.wav */; };
		846BBF2F298BB3AA00309EDD /* E.wav in Resources */ = {isa = PBXBuildFile; fileRef = 846BBF28298BB3AA00309EDD /* E.wav */; };
		846BBF30298BB3AA00309EDD /* D.wav in Resources */ = {isa = PBXBuildFile; fileRef = 846BBF29298BB3AA00309EDD /* D.wav */; };
/* End PBXBuildFile section */

/* Begin PBXFileReference section */
		846BBF0B298BAD3000309EDD /* Xylophone marathon.app */ = {isa = PBXFileReference; explicitFileType = wrapper.application; includeInIndex = 0; path = "Xylophone marathon.app"; sourceTree = BUILT_PRODUCTS_DIR; };
		846BBF0E298BAD3000309EDD /* AppDelegate.swift */ = {isa = PBXFileReference; lastKnownFileType = sourcecode.swift; path = AppDelegate.swift; sourceTree = "<group>"; };
		846BBF10298BAD3000309EDD /* SceneDelegate.swift */ = {isa = PBXFileReference; lastKnownFileType = sourcecode.swift; path = SceneDelegate.swift; sourceTree = "<group>"; };
		846BBF12298BAD3000309EDD /* ViewController.swift */ = {isa = PBXFileReference; lastKnownFileType = sourcecode.swift; path = ViewController.swift; sourceTree = "<group>"; };
		846BBF15298BAD3000309EDD /* Base */ = {isa = PBXFileReference; lastKnownFileType = file.storyboard; name = Base; path = Base.lproj/Main.storyboard; sourceTree = "<group>"; };
		846BBF17298BAD3200309EDD /* Assets.xcassets */ = {isa = PBXFileReference; lastKnownFileType = folder.assetcatalog; path = Assets.xcassets; sourceTree = "<group>"; };
		846BBF1A298BAD3200309EDD /* Base */ = {isa = PBXFileReference; lastKnownFileType = file.storyboard; name = Base; path = Base.lproj/LaunchScreen.storyboard; sourceTree = "<group>"; };
		846BBF1C298BAD3200309EDD /* Info.plist */ = {isa = PBXFileReference; lastKnownFileType = text.plist.xml; path = Info.plist; sourceTree = "<group>"; };
		846BBF23298BB3AA00309EDD /* A.wav */ = {isa = PBXFileReference; lastKnownFileType = audio.wav; path = A.wav; sourceTree = "<group>"; };
		846BBF24298BB3AA00309EDD /* C.wav */ = {isa = PBXFileReference; lastKnownFileType = audio.wav; path = C.wav; sourceTree = "<group>"; };
		846BBF25298BB3AA00309EDD /* B.wav */ = {isa = PBXFileReference; lastKnownFileType = audio.wav; path = B.wav; sourceTree = "<group>"; };
		846BBF26298BB3AA00309EDD /* F.wav */ = {isa = PBXFileReference; lastKnownFileType = audio.wav; path = F.wav; sourceTree = "<group>"; };
		846BBF27298BB3AA00309EDD /* G.wav */ = {isa = PBXFileReference; lastKnownFileType = audio.wav; path = G.wav; sourceTree = "<group>"; };
		846BBF28298BB3AA00309EDD /* E.wav */ = {isa = PBXFileReference; lastKnownFileType = audio.wav; path = E.wav; sourceTree = "<group>"; };
		846BBF29298BB3AA00309EDD /* D.wav */ = {isa = PBXFileReference; lastKnownFileType = audio.wav; path = D.wav; sourceTree = "<group>"; };
/* End PBXFileReference section */

/* Begin PBXFrameworksBuildPhase section */
		846BBF08298BAD3000309EDD /* Frameworks */ = {
			isa = PBXFrameworksBuildPhase;
			buildActionMask = 2147483647;
			files = (
			);
			runOnlyForDeploymentPostprocessing = 0;
		};
/* End PBXFrameworksBuildPhase section */

/* Begin PBXGroup section */
		846BBF02298BAD3000309EDD = {
			isa = PBXGroup;
			children = (
				846BBF0D298BAD3000309EDD /* Xylophone marathon */,
				846BBF0C298BAD3000309EDD /* Products */,
			);
			sourceTree = "<group>";
		};
		846BBF0C298BAD3000309EDD /* Products */ = {
			isa = PBXGroup;
			children = (
				846BBF0B298BAD3000309EDD /* Xylophone marathon.app */,
			);
			name = Products;
			sourceTree = "<group>";
		};
		846BBF0D298BAD3000309EDD /* Xylophone marathon */ = {
			isa = PBXGroup;
			children = (
				846BBF0E298BAD3000309EDD /* AppDelegate.swift */,
				846BBF10298BAD3000309EDD /* SceneDelegate.swift */,
				846BBF12298BAD3000309EDD /* ViewController.swift */,
				846BBF14298BAD3000309EDD /* Main.storyboard */,
				846BBF17298BAD3200309EDD /* Assets.xcassets */,
				846BBF19298BAD3200309EDD /* LaunchScreen.storyboard */,
				846BBF1C298BAD3200309EDD /* Info.plist */,
				846BBF22298BB3AA00309EDD /* Sounds */,
			);
			path = "Xylophone marathon";
			sourceTree = "<group>";
		};
		846BBF22298BB3AA00309EDD /* Sounds */ = {
			isa = PBXGroup;
			children = (
				846BBF23298BB3AA00309EDD /* A.wav */,
				846BBF24298BB3AA00309EDD /* C.wav */,
				846BBF25298BB3AA00309EDD /* B.wav */,
				846BBF26298BB3AA00309EDD /* F.wav */,
				846BBF27298BB3AA00309EDD /* G.wav */,
				846BBF28298BB3AA00309EDD /* E.wav */,
				846BBF29298BB3AA00309EDD /* D.wav */,
			);
			name = Sounds;
			path = "../../../UDEMY/Xylophone-iOS13-Completed/Xylophone/Sounds";
			sourceTree = "<group>";
		};
/* End PBXGroup section */

/* Begin PBXNativeTarget section */
		846BBF0A298BAD3000309EDD /* Xylophone marathon */ = {
			isa = PBXNativeTarget;
			buildConfigurationList = 846BBF1F298BAD3200309EDD /* Build configuration list for PBXNativeTarget "Xylophone marathon" */;
			buildPhases = (
				846BBF07298BAD3000309EDD /* Sources */,
				846BBF08298BAD3000309EDD /* Frameworks */,
				846BBF09298BAD3000309EDD /* Resources */,
			);
			buildRules = (
			);
			dependencies = (
			);
			name = "Xylophone marathon";
			productName = "Xylophone marathon";
			productReference = 846BBF0B298BAD3000309EDD /* Xylophone marathon.app */;
			productType = "com.apple.product-type.application";
		};
/* End PBXNativeTarget section */

/* Begin PBXProject section */
		846BBF03298BAD3000309EDD /* Project object */ = {
			isa = PBXProject;
			attributes = {
				BuildIndependentTargetsInParallel = 1;
				LastSwiftUpdateCheck = 1420;
				LastUpgradeCheck = 1420;
				TargetAttributes = {
					846BBF0A298BAD3000309EDD = {
						CreatedOnToolsVersion = 14.2;
					};
				};
			};
			buildConfigurationList = 846BBF06298BAD3000309EDD /* Build configuration list for PBXProject "Xylophone marathon" */;
			compatibilityVersion = "Xcode 14.0";
			developmentRegion = en;
			hasScannedForEncodings = 0;
			knownRegions = (
				en,
				Base,
			);
			mainGroup = 846BBF02298BAD3000309EDD;
			productRefGroup = 846BBF0C298BAD3000309EDD /* Products */;
			projectDirPath = "";
			projectRoot = "";
			targets = (
				846BBF0A298BAD3000309EDD /* Xylophone marathon */,
			);
		};
/* End PBXProject section */

/* Begin PBXResourcesBuildPhase section */
		846BBF09298BAD3000309EDD /* Resources */ = {
			isa = PBXResourcesBuildPhase;
			buildActionMask = 2147483647;
			files = (
				846BBF2E298BB3AA00309EDD /* G.wav in Resources */,
				846BBF1B298BAD3200309EDD /* LaunchScreen.storyboard in Resources */,
				846BBF2D298BB3AA00309EDD /* F.wav in Resources */,
				846BBF18298BAD3200309EDD /* Assets.xcassets in Resources */,
				846BBF2A298BB3AA00309EDD /* A.wav in Resources */,
				846BBF2C298BB3AA00309EDD /* B.wav in Resources */,
				846BBF2F298BB3AA00309EDD /* E.wav in Resources */,
				846BBF30298BB3AA00309EDD /* D.wav in Resources */,
				846BBF16298BAD3000309EDD /* Main.storyboard in Resources */,
				846BBF2B298BB3AA00309EDD /* C.wav in Resources */,
			);
			runOnlyForDeploymentPostprocessing = 0;
		};
/* End PBXResourcesBuildPhase section */

/* Begin PBXSourcesBuildPhase section */
		846BBF07298BAD3000309EDD /* Sources */ = {
			isa = PBXSourcesBuildPhase;
			buildActionMask = 2147483647;
			files = (
				846BBF13298BAD3000309EDD /* ViewController.swift in Sources */,
				846BBF0F298BAD3000309EDD /* AppDelegate.swift in Sources */,
				846BBF11298BAD3000309EDD /* SceneDelegate.swift in Sources */,
			);
			runOnlyForDeploymentPostprocessing = 0;
		};
/* End PBXSourcesBuildPhase section */

/* Begin PBXVariantGroup section */
		846BBF14298BAD3000309EDD /* Main.storyboard */ = {
			isa = PBXVariantGroup;
			children = (
				846BBF15298BAD3000309EDD /* Base */,
			);
			name = Main.storyboard;
			sourceTree = "<group>";
		};
		846BBF19298BAD3200309EDD /* LaunchScreen.storyboard */ = {
			isa = PBXVariantGroup;
			children = (
				846BBF1A298BAD3200309EDD /* Base */,
			);
			name = LaunchScreen.storyboard;
			sourceTree = "<group>";
		};
/* End PBXVariantGroup section */

/* Begin XCBuildConfiguration section */
		846BBF1D298BAD3200309EDD /* Debug */ = {
			isa = XCBuildConfiguration;
			buildSettings = {
				ALWAYS_SEARCH_USER_PATHS = NO;
				CLANG_ANALYZER_NONNULL = YES;
				CLANG_ANALYZER_NUMBER_OBJECT_CONVERSION = YES_AGGRESSIVE;
				CLANG_CXX_LANGUAGE_STANDARD = "gnu++20";
				CLANG_ENABLE_MODULES = YES;
				CLANG_ENABLE_OBJC_ARC = YES;
				CLANG_ENABLE_OBJC_WEAK = YES;
				CLANG_WARN_BLOCK_CAPTURE_AUTORELEASING = YES;
				CLANG_WARN_BOOL_CONVERSION = YES;
				CLANG_WARN_COMMA = YES;
				CLANG_WARN_CONSTANT_CONVERSION = YES;
				CLANG_WARN_DEPRECATED_OBJC_IMPLEMENTATIONS = YES;
				CLANG_WARN_DIRECT_OBJC_ISA_USAGE = YES_ERROR;
				CLANG_WARN_DOCUMENTATION_COMMENTS = YES;
				CLANG_WARN_EMPTY_BODY = YES;
				CLANG_WARN_ENUM_CONVERSION = YES;
				CLANG_WARN_INFINITE_RECURSION = YES;
				CLANG_WARN_INT_CONVERSION = YES;
				CLANG_WARN_NON_LITERAL_NULL_CONVERSION = YES;
				CLANG_WARN_OBJC_IMPLICIT_RETAIN_SELF = YES;
				CLANG_WARN_OBJC_LITERAL_CONVERSION = YES;
				CLANG_WARN_OBJC_ROOT_CLASS = YES_ERROR;
				CLANG_WARN_QUOTED_INCLUDE_IN_FRAMEWORK_HEADER = YES;
				CLANG_WARN_RANGE_LOOP_ANALYSIS = YES;
				CLANG_WARN_STRICT_PROTOTYPES = YES;
				CLANG_WARN_SUSPICIOUS_MOVE = YES;
				CLANG_WARN_UNGUARDED_AVAILABILITY = YES_AGGRESSIVE;
				CLANG_WARN_UNREACHABLE_CODE = YES;
				CLANG_WARN__DUPLICATE_METHOD_MATCH = YES;
				COPY_PHASE_STRIP = NO;
				DEBUG_INFORMATION_FORMAT = dwarf;
				ENABLE_STRICT_OBJC_MSGSEND = YES;
				ENABLE_TESTABILITY = YES;
				GCC_C_LANGUAGE_STANDARD = gnu11;
				GCC_DYNAMIC_NO_PIC = NO;
				GCC_NO_COMMON_BLOCKS = YES;
				GCC_OPTIMIZATION_LEVEL = 0;
				GCC_PREPROCESSOR_DEFINITIONS = (
					"DEBUG=1",
					"$(inherited)",
				);
				GCC_WARN_64_TO_32_BIT_CONVERSION = YES;
				GCC_WARN_ABOUT_RETURN_TYPE = YES_ERROR;
				GCC_WARN_UNDECLARED_SELECTOR = YES;
				GCC_WARN_UNINITIALIZED_AUTOS = YES_AGGRESSIVE;
				GCC_WARN_UNUSED_FUNCTION = YES;
				GCC_WARN_UNUSED_VARIABLE = YES;
				IPHONEOS_DEPLOYMENT_TARGET = 16.2;
				MTL_ENABLE_DEBUG_INFO = INCLUDE_SOURCE;
				MTL_FAST_MATH = YES;
				ONLY_ACTIVE_ARCH = YES;
				SDKROOT = iphoneos;
				SWIFT_ACTIVE_COMPILATION_CONDITIONS = DEBUG;
				SWIFT_OPTIMIZATION_LEVEL = "-Onone";
			};
			name = Debug;
		};
		846BBF1E298BAD3200309EDD /* Release */ = {
			isa = XCBuildConfiguration;
			buildSettings = {
				ALWAYS_SEARCH_USER_PATHS = NO;
				CLANG_ANALYZER_NONNULL = YES;
				CLANG_ANALYZER_NUMBER_OBJECT_CONVERSION = YES_AGGRESSIVE;
				CLANG_CXX_LANGUAGE_STANDARD = "gnu++20";
				CLANG_ENABLE_MODULES = YES;
				CLANG_ENABLE_OBJC_ARC = YES;
				CLANG_ENABLE_OBJC_WEAK = YES;
				CLANG_WARN_BLOCK_CAPTURE_AUTORELEASING = YES;
				CLANG_WARN_BOOL_CONVERSION = YES;
				CLANG_WARN_COMMA = YES;
				CLANG_WARN_CONSTANT_CONVERSION = YES;
				CLANG_WARN_DEPRECATED_OBJC_IMPLEMENTATIONS = YES;
				CLANG_WARN_DIRECT_OBJC_ISA_USAGE = YES_ERROR;
				CLANG_WARN_DOCUMENTATION_COMMENTS = YES;
				CLANG_WARN_EMPTY_BODY = YES;
				CLANG_WARN_ENUM_CONVERSION = YES;
				CLANG_WARN_INFINITE_RECURSION = YES;
				CLANG_WARN_INT_CONVERSION = YES;
				CLANG_WARN_NON_LITERAL_NULL_CONVERSION = YES;
				CLANG_WARN_OBJC_IMPLICIT_RETAIN_SELF = YES;
				CLANG_WARN_OBJC_LITERAL_CONVERSION = YES;
				CLANG_WARN_OBJC_ROOT_CLASS = YES_ERROR;
				CLANG_WARN_QUOTED_INCLUDE_IN_FRAMEWORK_HEADER = YES;
				CLANG_WARN_RANGE_LOOP_ANALYSIS = YES;
				CLANG_WARN_STRICT_PROTOTYPES = YES;
				CLANG_WARN_SUSPICIOUS_MOVE = YES;
				CLANG_WARN_UNGUARDED_AVAILABILITY = YES_AGGRESSIVE;
				CLANG_WARN_UNREACHABLE_CODE = YES;
				CLANG_WARN__DUPLICATE_METHOD_MATCH = YES;
				COPY_PHASE_STRIP = NO;
				DEBUG_INFORMATION_FORMAT = "dwarf-with-dsym";
				ENABLE_NS_ASSERTIONS = NO;
				ENABLE_STRICT_OBJC_MSGSEND = YES;
				GCC_C_LANGUAGE_STANDARD = gnu11;
				GCC_NO_COMMON_BLOCKS = YES;
				GCC_WARN_64_TO_32_BIT_CONVERSION = YES;
				GCC_WARN_ABOUT_RETURN_TYPE = YES_ERROR;
				GCC_WARN_UNDECLARED_SELECTOR = YES;
				GCC_WARN_UNINITIALIZED_AUTOS = YES_AGGRESSIVE;
				GCC_WARN_UNUSED_FUNCTION = YES;
				GCC_WARN_UNUSED_VARIABLE = YES;
				IPHONEOS_DEPLOYMENT_TARGET = 16.2;
				MTL_ENABLE_DEBUG_INFO = NO;
				MTL_FAST_MATH = YES;
				SDKROOT = iphoneos;
				SWIFT_COMPILATION_MODE = wholemodule;
				SWIFT_OPTIMIZATION_LEVEL = "-O";
				VALIDATE_PRODUCT = YES;
			};
			name = Release;
		};
		846BBF20298BAD3200309EDD /* Debug */ = {
			isa = XCBuildConfiguration;
			buildSettings = {
				ASSETCATALOG_COMPILER_APPICON_NAME = AppIcon;
				ASSETCATALOG_COMPILER_GLOBAL_ACCENT_COLOR_NAME = AccentColor;
				CODE_SIGN_STYLE = Automatic;
				CURRENT_PROJECT_VERSION = 1;
				GENERATE_INFOPLIST_FILE = YES;
				INFOPLIST_FILE = "Xylophone marathon/Info.plist";
				INFOPLIST_KEY_UIApplicationSupportsIndirectInputEvents = YES;
				INFOPLIST_KEY_UILaunchStoryboardName = LaunchScreen;
				INFOPLIST_KEY_UIMainStoryboardFile = Main;
				INFOPLIST_KEY_UISupportedInterfaceOrientations_iPad = "UIInterfaceOrientationPortrait UIInterfaceOrientationPortraitUpsideDown UIInterfaceOrientationLandscapeLeft UIInterfaceOrientationLandscapeRight";
				INFOPLIST_KEY_UISupportedInterfaceOrientations_iPhone = "UIInterfaceOrientationPortrait UIInterfaceOrientationLandscapeLeft UIInterfaceOrientationLandscapeRight";
				LD_RUNPATH_SEARCH_PATHS = (
					"$(inherited)",
					"@executable_path/Frameworks",
				);
				MARKETING_VERSION = 1.0;
				PRODUCT_BUNDLE_IDENTIFIER = "com.-SoldatovDK.Xylophone-marathon";
				PRODUCT_NAME = "$(TARGET_NAME)";
				SWIFT_EMIT_LOC_STRINGS = YES;
				SWIFT_VERSION = 5.0;
				TARGETED_DEVICE_FAMILY = "1,2";
			};
			name = Debug;
		};
		846BBF21298BAD3200309EDD /* Release */ = {
			isa = XCBuildConfiguration;
			buildSettings = {
				ASSETCATALOG_COMPILER_APPICON_NAME = AppIcon;
				ASSETCATALOG_COMPILER_GLOBAL_ACCENT_COLOR_NAME = AccentColor;
				CODE_SIGN_STYLE = Automatic;
				CURRENT_PROJECT_VERSION = 1;
				GENERATE_INFOPLIST_FILE = YES;
				INFOPLIST_FILE = "Xylophone marathon/Info.plist";
				INFOPLIST_KEY_UIApplicationSupportsIndirectInputEvents = YES;
				INFOPLIST_KEY_UILaunchStoryboardName = LaunchScreen;
				INFOPLIST_KEY_UIMainStoryboardFile = Main;
				INFOPLIST_KEY_UISupportedInterfaceOrientations_iPad = "UIInterfaceOrientationPortrait UIInterfaceOrientationPortraitUpsideDown UIInterfaceOrientationLandscapeLeft UIInterfaceOrientationLandscapeRight";
				INFOPLIST_KEY_UISupportedInterfaceOrientations_iPhone = "UIInterfaceOrientationPortrait UIInterfaceOrientationLandscapeLeft UIInterfaceOrientationLandscapeRight";
				LD_RUNPATH_SEARCH_PATHS = (
					"$(inherited)",
					"@executable_path/Frameworks",
				);
				MARKETING_VERSION = 1.0;
				PRODUCT_BUNDLE_IDENTIFIER = "com.-SoldatovDK.Xylophone-marathon";
				PRODUCT_NAME = "$(TARGET_NAME)";
				SWIFT_EMIT_LOC_STRINGS = YES;
				SWIFT_VERSION = 5.0;
				TARGETED_DEVICE_FAMILY = "1,2";
			};
			name = Release;
		};
/* End XCBuildConfiguration section */

/* Begin XCConfigurationList section */
		846BBF06298BAD3000309EDD /* Build configuration list for PBXProject "Xylophone marathon" */ = {
			isa = XCConfigurationList;
			buildConfigurations = (
				846BBF1D298BAD3200309EDD /* Debug */,
				846BBF1E298BAD3200309EDD /* Release */,
			);
			defaultConfigurationIsVisible = 0;
			defaultConfigurationName = Release;
		};
		846BBF1F298BAD3200309EDD /* Build configuration list for PBXNativeTarget "Xylophone marathon" */ = {
			isa = XCConfigurationList;
			buildConfigurations = (
				846BBF20298BAD3200309EDD /* Debug */,
				846BBF21298BAD3200309EDD /* Release */,
			);
			defaultConfigurationIsVisible = 0;
			defaultConfigurationName = Release;
		};
/* End XCConfigurationList section */
	};
	rootObject = 846BBF03298BAD3000309EDD /* Project object */;
}
